// !$*UTF8*$!
{
	archiveVersion = 1;
	classes = {
	};
	objectVersion = 56;
	objects = {

/* Begin PBXBuildFile section */
		010393BC2AFC67FD000DF698 /* SearchError.swift in Sources */ = {isa = PBXBuildFile; fileRef = 010393BB2AFC67FD000DF698 /* SearchError.swift */; };
		010393BE2AFC81A3000DF698 /* ExternalMusicSearchView.swift in Sources */ = {isa = PBXBuildFile; fileRef = 010393BD2AFC81A3000DF698 /* ExternalMusicSearchView.swift */; };
		010393C02AFC9B14000DF698 /* Utility.swift in Sources */ = {isa = PBXBuildFile; fileRef = 010393BF2AFC9B14000DF698 /* Utility.swift */; };
		010393C22AFCA4B6000DF698 /* EntityType.swift in Sources */ = {isa = PBXBuildFile; fileRef = 010393C12AFCA4B5000DF698 /* EntityType.swift */; };
		01101C042B05CB7D00789AE3 /* MusicEntityNotesBlock.swift in Sources */ = {isa = PBXBuildFile; fileRef = 01101C032B05CB7D00789AE3 /* MusicEntityNotesBlock.swift */; };
		01101C062B05CDDD00789AE3 /* NotesEditorView.swift in Sources */ = {isa = PBXBuildFile; fileRef = 01101C052B05CDDD00789AE3 /* NotesEditorView.swift */; };
		011BB8F02B044F7B00F3609D /* TagDetailView.swift in Sources */ = {isa = PBXBuildFile; fileRef = 011BB8EF2B044F7B00F3609D /* TagDetailView.swift */; };
		011BB8F22B044FE100F3609D /* AddTagView.swift in Sources */ = {isa = PBXBuildFile; fileRef = 011BB8F12B044FE100F3609D /* AddTagView.swift */; };
		011BB8F42B045AA900F3609D /* TagManagerView.swift in Sources */ = {isa = PBXBuildFile; fileRef = 011BB8F32B045AA900F3609D /* TagManagerView.swift */; };
		012513AC2AFB1C750064AA07 /* RotationApp.swift in Sources */ = {isa = PBXBuildFile; fileRef = 012513AB2AFB1C750064AA07 /* RotationApp.swift */; };
		012513B22AFB1C770064AA07 /* Assets.xcassets in Resources */ = {isa = PBXBuildFile; fileRef = 012513B12AFB1C770064AA07 /* Assets.xcassets */; };
		012513B52AFB1C770064AA07 /* Preview Assets.xcassets in Resources */ = {isa = PBXBuildFile; fileRef = 012513B42AFB1C770064AA07 /* Preview Assets.xcassets */; };
		012513BE2AFB1CC00064AA07 /* ScratchView.swift in Sources */ = {isa = PBXBuildFile; fileRef = 012513BD2AFB1CC00064AA07 /* ScratchView.swift */; };
		012513C02AFB20E90064AA07 /* AppleMusicAuthWrangler.swift in Sources */ = {isa = PBXBuildFile; fileRef = 012513BF2AFB20E90064AA07 /* AppleMusicAuthWrangler.swift */; };
		014FB4432B0BF84E00CF1DB0 /* SpotifyAPIError.swift in Sources */ = {isa = PBXBuildFile; fileRef = 014FB4422B0BF84E00CF1DB0 /* SpotifyAPIError.swift */; };
		015FB06F2B059BC200BAC1BC /* MusicEntityActionBlock.swift in Sources */ = {isa = PBXBuildFile; fileRef = 015FB06E2B059BC200BAC1BC /* MusicEntityActionBlock.swift */; };
		015FB0712B05A95D00BAC1BC /* MusicEntityDetailsBlock.swift in Sources */ = {isa = PBXBuildFile; fileRef = 015FB0702B05A95D00BAC1BC /* MusicEntityDetailsBlock.swift */; };
		015FB0732B05B3F700BAC1BC /* MusicEntityTagsBlock.swift in Sources */ = {isa = PBXBuildFile; fileRef = 015FB0722B05B3F700BAC1BC /* MusicEntityTagsBlock.swift */; };
		016854D02B0D50C000931CE6 /* Spotify Entities.swift in Sources */ = {isa = PBXBuildFile; fileRef = 016854CF2B0D50C000931CE6 /* Spotify Entities.swift */; };
		0168F76A2B1A6703004E780E /* CollectionListingView.swift in Sources */ = {isa = PBXBuildFile; fileRef = 0168F7692B1A6703004E780E /* CollectionListingView.swift */; };
		0168F76C2B1A878F004E780E /* SearchboxView.swift in Sources */ = {isa = PBXBuildFile; fileRef = 0168F76B2B1A878F004E780E /* SearchboxView.swift */; };
		016A63202B1EA2FD00EB8024 /* MusicEntityHeadlineBlock.swift in Sources */ = {isa = PBXBuildFile; fileRef = 016A631F2B1EA2FD00EB8024 /* MusicEntityHeadlineBlock.swift */; };
		017AA6932B0404A0005E43D8 /* Tag.swift in Sources */ = {isa = PBXBuildFile; fileRef = 017AA6922B0404A0005E43D8 /* Tag.swift */; };
		017AA6962B040E7D005E43D8 /* HomeView.swift in Sources */ = {isa = PBXBuildFile; fileRef = 017AA6952B040E7D005E43D8 /* HomeView.swift */; };
		017AA6982B041726005E43D8 /* CollectionView.swift in Sources */ = {isa = PBXBuildFile; fileRef = 017AA6972B041726005E43D8 /* CollectionView.swift */; };
		017AA69A2B041A3C005E43D8 /* TagsView.swift in Sources */ = {isa = PBXBuildFile; fileRef = 017AA6992B041A3C005E43D8 /* TagsView.swift */; };
		017AA69C2B041A54005E43D8 /* ExploreView.swift in Sources */ = {isa = PBXBuildFile; fileRef = 017AA69B2B041A54005E43D8 /* ExploreView.swift */; };
		017AA69E2B041A6A005E43D8 /* SettingsView.swift in Sources */ = {isa = PBXBuildFile; fileRef = 017AA69D2B041A6A005E43D8 /* SettingsView.swift */; };
		017AA6A02B041EC2005E43D8 /* MusicSearchView.swift in Sources */ = {isa = PBXBuildFile; fileRef = 017AA69F2B041EC2005E43D8 /* MusicSearchView.swift */; };
		017AA6A22B0430D8005E43D8 /* CollectionViewListRow.swift in Sources */ = {isa = PBXBuildFile; fileRef = 017AA6A12B0430D8005E43D8 /* CollectionViewListRow.swift */; };
		017AA6A42B043D72005E43D8 /* MusicEntityDetailView.swift in Sources */ = {isa = PBXBuildFile; fileRef = 017AA6A32B043D72005E43D8 /* MusicEntityDetailView.swift */; };
		017E66102B19221E0096C9D8 /* PPPierSans-Bold.otf in Resources */ = {isa = PBXBuildFile; fileRef = 01ACB8E22B05803800C13BDA /* PPPierSans-Bold.otf */; };
		017E66112B19222B0096C9D8 /* Font-Ext.swift in Sources */ = {isa = PBXBuildFile; fileRef = 01ACB8E42B05808400C13BDA /* Font-Ext.swift */; };
		017E66142B1946140096C9D8 /* Utility.swift in Sources */ = {isa = PBXBuildFile; fileRef = 010393BF2AFC9B14000DF698 /* Utility.swift */; };
		017E66152B19464B0096C9D8 /* SymbolPicker.swift in Sources */ = {isa = PBXBuildFile; fileRef = 01ACB8DE2B0570FD00C13BDA /* SymbolPicker.swift */; };
		017E66162B19465A0096C9D8 /* TagTogglerView.swift in Sources */ = {isa = PBXBuildFile; fileRef = 019045AF2B06D240007F78C1 /* TagTogglerView.swift */; };
		017E66172B1946680096C9D8 /* AddTagView.swift in Sources */ = {isa = PBXBuildFile; fileRef = 011BB8F12B044FE100F3609D /* AddTagView.swift */; };
		017E66182B194C200096C9D8 /* Assets.xcassets in Resources */ = {isa = PBXBuildFile; fileRef = 012513B12AFB1C770064AA07 /* Assets.xcassets */; };
		017E66192B1969FF0096C9D8 /* NotesEditorView.swift in Sources */ = {isa = PBXBuildFile; fileRef = 01101C052B05CDDD00789AE3 /* NotesEditorView.swift */; };
		018811912B0801F0003EF47A /* CollectionViewModel.swift in Sources */ = {isa = PBXBuildFile; fileRef = 018811902B0801F0003EF47A /* CollectionViewModel.swift */; };
		018811932B080233003EF47A /* CollectionSortCriteria.swift in Sources */ = {isa = PBXBuildFile; fileRef = 018811922B080233003EF47A /* CollectionSortCriteria.swift */; };
		018811952B08048B003EF47A /* CollectionSortOptionsView.swift in Sources */ = {isa = PBXBuildFile; fileRef = 018811942B08048B003EF47A /* CollectionSortOptionsView.swift */; };
		018811972B084212003EF47A /* MusicURLWrangler.swift in Sources */ = {isa = PBXBuildFile; fileRef = 018811962B084212003EF47A /* MusicURLWrangler.swift */; };
		019045B02B06D240007F78C1 /* TagTogglerView.swift in Sources */ = {isa = PBXBuildFile; fileRef = 019045AF2B06D240007F78C1 /* TagTogglerView.swift */; };
		019F26B82AFEF72200AE9EC4 /* SpotifySearchResults.swift in Sources */ = {isa = PBXBuildFile; fileRef = 019F26B72AFEF72200AE9EC4 /* SpotifySearchResults.swift */; };
		01ACB8DB2B05455A00C13BDA /* TagsViewListRow.swift in Sources */ = {isa = PBXBuildFile; fileRef = 01ACB8DA2B05455A00C13BDA /* TagsViewListRow.swift */; };
		01ACB8DD2B05536100C13BDA /* RecordCoverGridView.swift in Sources */ = {isa = PBXBuildFile; fileRef = 01ACB8DC2B05536100C13BDA /* RecordCoverGridView.swift */; };
		01ACB8DF2B0570FD00C13BDA /* SymbolPicker.swift in Sources */ = {isa = PBXBuildFile; fileRef = 01ACB8DE2B0570FD00C13BDA /* SymbolPicker.swift */; };
		01ACB8E12B05740700C13BDA /* EditTagView.swift in Sources */ = {isa = PBXBuildFile; fileRef = 01ACB8E02B05740700C13BDA /* EditTagView.swift */; };
		01ACB8E32B05803800C13BDA /* PPPierSans-Bold.otf in Resources */ = {isa = PBXBuildFile; fileRef = 01ACB8E22B05803800C13BDA /* PPPierSans-Bold.otf */; };
		01ACB8E52B05808400C13BDA /* Font-Ext.swift in Sources */ = {isa = PBXBuildFile; fileRef = 01ACB8E42B05808400C13BDA /* Font-Ext.swift */; };
		01B206452B1809CD001265FC /* UniformTypeIdentifiers.framework in Frameworks */ = {isa = PBXBuildFile; fileRef = 01B206442B1809CD001265FC /* UniformTypeIdentifiers.framework */; };
		01B206482B1809CD001265FC /* Media.xcassets in Resources */ = {isa = PBXBuildFile; fileRef = 01B206472B1809CD001265FC /* Media.xcassets */; };
		01B2064A2B1809CD001265FC /* ActionViewController.swift in Sources */ = {isa = PBXBuildFile; fileRef = 01B206492B1809CD001265FC /* ActionViewController.swift */; };
		01B2064D2B1809CD001265FC /* MainInterface.storyboard in Resources */ = {isa = PBXBuildFile; fileRef = 01B2064B2B1809CD001265FC /* MainInterface.storyboard */; };
		01B206512B1809CD001265FC /* Rotation-iOSActionExtension.appex in Embed Foundation Extensions */ = {isa = PBXBuildFile; fileRef = 01B206422B1809CD001265FC /* Rotation-iOSActionExtension.appex */; settings = {ATTRIBUTES = (RemoveHeadersOnCopy, ); }; };
		01B206572B1809F5001265FC /* UIHostingView.swift in Sources */ = {isa = PBXBuildFile; fileRef = 01B206562B1809F5001265FC /* UIHostingView.swift */; };
		01B206582B180A18001265FC /* UIHostingView.swift in Sources */ = {isa = PBXBuildFile; fileRef = 01B206562B1809F5001265FC /* UIHostingView.swift */; };
		01B2065A2B180A3B001265FC /* EnvironmentValues-Ext.swift in Sources */ = {isa = PBXBuildFile; fileRef = 01B206592B180A3B001265FC /* EnvironmentValues-Ext.swift */; };
		01B2065B2B180BCC001265FC /* MusicEntity.swift in Sources */ = {isa = PBXBuildFile; fileRef = 01FC64E62AFC2E2600D53903 /* MusicEntity.swift */; };
		01B2065C2B180BD2001265FC /* Tag.swift in Sources */ = {isa = PBXBuildFile; fileRef = 017AA6922B0404A0005E43D8 /* Tag.swift */; };
		01B2065E2B180C4E001265FC /* ContentView.swift in Sources */ = {isa = PBXBuildFile; fileRef = 01B2065D2B180C4E001265FC /* ContentView.swift */; };
		01B2065F2B180C89001265FC /* EnvironmentValues-Ext.swift in Sources */ = {isa = PBXBuildFile; fileRef = 01B206592B180A3B001265FC /* EnvironmentValues-Ext.swift */; };
		01B206602B180D8C001265FC /* EntityType.swift in Sources */ = {isa = PBXBuildFile; fileRef = 010393C12AFCA4B5000DF698 /* EntityType.swift */; };
		01B206622B1815CD001265FC /* AppleMusicSearchWrangler.swift in Sources */ = {isa = PBXBuildFile; fileRef = 01FC64E42AFC17E900D53903 /* AppleMusicSearchWrangler.swift */; };
		01B206652B1815D6001265FC /* MusicURLWrangler.swift in Sources */ = {isa = PBXBuildFile; fileRef = 018811962B084212003EF47A /* MusicURLWrangler.swift */; };
		01B206662B1815EC001265FC /* SpotifyAPIError.swift in Sources */ = {isa = PBXBuildFile; fileRef = 014FB4422B0BF84E00CF1DB0 /* SpotifyAPIError.swift */; };
		01B206672B1815F2001265FC /* Spotify Entities.swift in Sources */ = {isa = PBXBuildFile; fileRef = 016854CF2B0D50C000931CE6 /* Spotify Entities.swift */; };
		01B206682B181600001265FC /* SpotifySearchResults.swift in Sources */ = {isa = PBXBuildFile; fileRef = 019F26B72AFEF72200AE9EC4 /* SpotifySearchResults.swift */; };
		01B206692B181605001265FC /* SearchError.swift in Sources */ = {isa = PBXBuildFile; fileRef = 010393BB2AFC67FD000DF698 /* SearchError.swift */; };
		01B2066A2B181698001265FC /* AppleMusicWrangler.swift in Sources */ = {isa = PBXBuildFile; fileRef = 01E5DA762AFD60480080AF79 /* AppleMusicWrangler.swift */; };
		01B2066B2B18169C001265FC /* SpotifyAPIWrangler.swift in Sources */ = {isa = PBXBuildFile; fileRef = 01E5DA782AFDAD6C0080AF79 /* SpotifyAPIWrangler.swift */; };
		01D544F22B06F26100B37D6A /* LittleTagGrid.swift in Sources */ = {isa = PBXBuildFile; fileRef = 01D544F12B06F26100B37D6A /* LittleTagGrid.swift */; };
		01E5DA772AFD60480080AF79 /* AppleMusicWrangler.swift in Sources */ = {isa = PBXBuildFile; fileRef = 01E5DA762AFD60480080AF79 /* AppleMusicWrangler.swift */; };
		01E5DA792AFDAD6C0080AF79 /* SpotifyAPIWrangler.swift in Sources */ = {isa = PBXBuildFile; fileRef = 01E5DA782AFDAD6C0080AF79 /* SpotifyAPIWrangler.swift */; };
		01FC64E52AFC17E900D53903 /* AppleMusicSearchWrangler.swift in Sources */ = {isa = PBXBuildFile; fileRef = 01FC64E42AFC17E900D53903 /* AppleMusicSearchWrangler.swift */; };
		01FC64E72AFC2E2600D53903 /* MusicEntity.swift in Sources */ = {isa = PBXBuildFile; fileRef = 01FC64E62AFC2E2600D53903 /* MusicEntity.swift */; };
/* End PBXBuildFile section */

/* Begin PBXContainerItemProxy section */
		01B2064F2B1809CD001265FC /* PBXContainerItemProxy */ = {
			isa = PBXContainerItemProxy;
			containerPortal = 012513A02AFB1C750064AA07 /* Project object */;
			proxyType = 1;
			remoteGlobalIDString = 01B206412B1809CD001265FC;
			remoteInfo = "Rotation-iOSActionExtension";
		};
/* End PBXContainerItemProxy section */

/* Begin PBXCopyFilesBuildPhase section */
		01B206522B1809CD001265FC /* Embed Foundation Extensions */ = {
			isa = PBXCopyFilesBuildPhase;
			buildActionMask = 2147483647;
			dstPath = "";
			dstSubfolderSpec = 13;
			files = (
				01B206512B1809CD001265FC /* Rotation-iOSActionExtension.appex in Embed Foundation Extensions */,
			);
			name = "Embed Foundation Extensions";
			runOnlyForDeploymentPostprocessing = 0;
		};
/* End PBXCopyFilesBuildPhase section */

/* Begin PBXFileReference section */
		010393BB2AFC67FD000DF698 /* SearchError.swift */ = {isa = PBXFileReference; lastKnownFileType = sourcecode.swift; path = SearchError.swift; sourceTree = "<group>"; };
		010393BD2AFC81A3000DF698 /* ExternalMusicSearchView.swift */ = {isa = PBXFileReference; lastKnownFileType = sourcecode.swift; path = ExternalMusicSearchView.swift; sourceTree = "<group>"; };
		010393BF2AFC9B14000DF698 /* Utility.swift */ = {isa = PBXFileReference; lastKnownFileType = sourcecode.swift; path = Utility.swift; sourceTree = "<group>"; };
		010393C12AFCA4B5000DF698 /* EntityType.swift */ = {isa = PBXFileReference; lastKnownFileType = sourcecode.swift; path = EntityType.swift; sourceTree = "<group>"; };
		01101C032B05CB7D00789AE3 /* MusicEntityNotesBlock.swift */ = {isa = PBXFileReference; lastKnownFileType = sourcecode.swift; path = MusicEntityNotesBlock.swift; sourceTree = "<group>"; };
		01101C052B05CDDD00789AE3 /* NotesEditorView.swift */ = {isa = PBXFileReference; lastKnownFileType = sourcecode.swift; path = NotesEditorView.swift; sourceTree = "<group>"; };
		011BB8EF2B044F7B00F3609D /* TagDetailView.swift */ = {isa = PBXFileReference; lastKnownFileType = sourcecode.swift; path = TagDetailView.swift; sourceTree = "<group>"; };
		011BB8F12B044FE100F3609D /* AddTagView.swift */ = {isa = PBXFileReference; lastKnownFileType = sourcecode.swift; path = AddTagView.swift; sourceTree = "<group>"; };
		011BB8F32B045AA900F3609D /* TagManagerView.swift */ = {isa = PBXFileReference; lastKnownFileType = sourcecode.swift; path = TagManagerView.swift; sourceTree = "<group>"; };
		012513A82AFB1C750064AA07 /* Rotation.app */ = {isa = PBXFileReference; explicitFileType = wrapper.application; includeInIndex = 0; path = Rotation.app; sourceTree = BUILT_PRODUCTS_DIR; };
		012513AB2AFB1C750064AA07 /* RotationApp.swift */ = {isa = PBXFileReference; lastKnownFileType = sourcecode.swift; path = RotationApp.swift; sourceTree = "<group>"; };
		012513B12AFB1C770064AA07 /* Assets.xcassets */ = {isa = PBXFileReference; lastKnownFileType = folder.assetcatalog; path = Assets.xcassets; sourceTree = "<group>"; };
		012513B42AFB1C770064AA07 /* Preview Assets.xcassets */ = {isa = PBXFileReference; lastKnownFileType = folder.assetcatalog; path = "Preview Assets.xcassets"; sourceTree = "<group>"; };
		012513B62AFB1C770064AA07 /* Rotation.entitlements */ = {isa = PBXFileReference; lastKnownFileType = text.plist.entitlements; path = Rotation.entitlements; sourceTree = "<group>"; };
		012513B72AFB1C770064AA07 /* Info.plist */ = {isa = PBXFileReference; lastKnownFileType = text.plist.xml; path = Info.plist; sourceTree = "<group>"; };
		012513BD2AFB1CC00064AA07 /* ScratchView.swift */ = {isa = PBXFileReference; lastKnownFileType = sourcecode.swift; path = ScratchView.swift; sourceTree = "<group>"; };
		012513BF2AFB20E90064AA07 /* AppleMusicAuthWrangler.swift */ = {isa = PBXFileReference; lastKnownFileType = sourcecode.swift; path = AppleMusicAuthWrangler.swift; sourceTree = "<group>"; };
		014FB4422B0BF84E00CF1DB0 /* SpotifyAPIError.swift */ = {isa = PBXFileReference; lastKnownFileType = sourcecode.swift; path = SpotifyAPIError.swift; sourceTree = "<group>"; };
		015FB06E2B059BC200BAC1BC /* MusicEntityActionBlock.swift */ = {isa = PBXFileReference; lastKnownFileType = sourcecode.swift; path = MusicEntityActionBlock.swift; sourceTree = "<group>"; };
		015FB0702B05A95D00BAC1BC /* MusicEntityDetailsBlock.swift */ = {isa = PBXFileReference; lastKnownFileType = sourcecode.swift; path = MusicEntityDetailsBlock.swift; sourceTree = "<group>"; };
		015FB0722B05B3F700BAC1BC /* MusicEntityTagsBlock.swift */ = {isa = PBXFileReference; lastKnownFileType = sourcecode.swift; path = MusicEntityTagsBlock.swift; sourceTree = "<group>"; };
		016854CF2B0D50C000931CE6 /* Spotify Entities.swift */ = {isa = PBXFileReference; lastKnownFileType = sourcecode.swift; path = "Spotify Entities.swift"; sourceTree = "<group>"; };
		0168F7692B1A6703004E780E /* CollectionListingView.swift */ = {isa = PBXFileReference; lastKnownFileType = sourcecode.swift; path = CollectionListingView.swift; sourceTree = "<group>"; };
		0168F76B2B1A878F004E780E /* SearchboxView.swift */ = {isa = PBXFileReference; lastKnownFileType = sourcecode.swift; path = SearchboxView.swift; sourceTree = "<group>"; };
		016A631F2B1EA2FD00EB8024 /* MusicEntityHeadlineBlock.swift */ = {isa = PBXFileReference; lastKnownFileType = sourcecode.swift; path = MusicEntityHeadlineBlock.swift; sourceTree = "<group>"; };
		017AA6922B0404A0005E43D8 /* Tag.swift */ = {isa = PBXFileReference; lastKnownFileType = sourcecode.swift; path = Tag.swift; sourceTree = "<group>"; };
		017AA6952B040E7D005E43D8 /* HomeView.swift */ = {isa = PBXFileReference; lastKnownFileType = sourcecode.swift; path = HomeView.swift; sourceTree = "<group>"; };
		017AA6972B041726005E43D8 /* CollectionView.swift */ = {isa = PBXFileReference; lastKnownFileType = sourcecode.swift; path = CollectionView.swift; sourceTree = "<group>"; };
		017AA6992B041A3C005E43D8 /* TagsView.swift */ = {isa = PBXFileReference; lastKnownFileType = sourcecode.swift; path = TagsView.swift; sourceTree = "<group>"; };
		017AA69B2B041A54005E43D8 /* ExploreView.swift */ = {isa = PBXFileReference; lastKnownFileType = sourcecode.swift; path = ExploreView.swift; sourceTree = "<group>"; };
		017AA69D2B041A6A005E43D8 /* SettingsView.swift */ = {isa = PBXFileReference; lastKnownFileType = sourcecode.swift; path = SettingsView.swift; sourceTree = "<group>"; };
		017AA69F2B041EC2005E43D8 /* MusicSearchView.swift */ = {isa = PBXFileReference; lastKnownFileType = sourcecode.swift; path = MusicSearchView.swift; sourceTree = "<group>"; };
		017AA6A12B0430D8005E43D8 /* CollectionViewListRow.swift */ = {isa = PBXFileReference; lastKnownFileType = sourcecode.swift; path = CollectionViewListRow.swift; sourceTree = "<group>"; };
		017AA6A32B043D72005E43D8 /* MusicEntityDetailView.swift */ = {isa = PBXFileReference; lastKnownFileType = sourcecode.swift; path = MusicEntityDetailView.swift; sourceTree = "<group>"; };
		018811902B0801F0003EF47A /* CollectionViewModel.swift */ = {isa = PBXFileReference; lastKnownFileType = sourcecode.swift; path = CollectionViewModel.swift; sourceTree = "<group>"; };
		018811922B080233003EF47A /* CollectionSortCriteria.swift */ = {isa = PBXFileReference; lastKnownFileType = sourcecode.swift; path = CollectionSortCriteria.swift; sourceTree = "<group>"; };
		018811942B08048B003EF47A /* CollectionSortOptionsView.swift */ = {isa = PBXFileReference; lastKnownFileType = sourcecode.swift; path = CollectionSortOptionsView.swift; sourceTree = "<group>"; };
		018811962B084212003EF47A /* MusicURLWrangler.swift */ = {isa = PBXFileReference; lastKnownFileType = sourcecode.swift; path = MusicURLWrangler.swift; sourceTree = "<group>"; };
		019045AF2B06D240007F78C1 /* TagTogglerView.swift */ = {isa = PBXFileReference; lastKnownFileType = sourcecode.swift; path = TagTogglerView.swift; sourceTree = "<group>"; };
		019F26B72AFEF72200AE9EC4 /* SpotifySearchResults.swift */ = {isa = PBXFileReference; lastKnownFileType = sourcecode.swift; path = SpotifySearchResults.swift; sourceTree = "<group>"; };
		01ACB8DA2B05455A00C13BDA /* TagsViewListRow.swift */ = {isa = PBXFileReference; lastKnownFileType = sourcecode.swift; path = TagsViewListRow.swift; sourceTree = "<group>"; };
		01ACB8DC2B05536100C13BDA /* RecordCoverGridView.swift */ = {isa = PBXFileReference; lastKnownFileType = sourcecode.swift; path = RecordCoverGridView.swift; sourceTree = "<group>"; };
		01ACB8DE2B0570FD00C13BDA /* SymbolPicker.swift */ = {isa = PBXFileReference; lastKnownFileType = sourcecode.swift; path = SymbolPicker.swift; sourceTree = "<group>"; };
		01ACB8E02B05740700C13BDA /* EditTagView.swift */ = {isa = PBXFileReference; lastKnownFileType = sourcecode.swift; path = EditTagView.swift; sourceTree = "<group>"; };
		01ACB8E22B05803800C13BDA /* PPPierSans-Bold.otf */ = {isa = PBXFileReference; lastKnownFileType = file; path = "PPPierSans-Bold.otf"; sourceTree = "<group>"; };
		01ACB8E42B05808400C13BDA /* Font-Ext.swift */ = {isa = PBXFileReference; lastKnownFileType = sourcecode.swift; path = "Font-Ext.swift"; sourceTree = "<group>"; };
		01B206422B1809CD001265FC /* Rotation-iOSActionExtension.appex */ = {isa = PBXFileReference; explicitFileType = "wrapper.app-extension"; includeInIndex = 0; path = "Rotation-iOSActionExtension.appex"; sourceTree = BUILT_PRODUCTS_DIR; };
		01B206442B1809CD001265FC /* UniformTypeIdentifiers.framework */ = {isa = PBXFileReference; lastKnownFileType = wrapper.framework; name = UniformTypeIdentifiers.framework; path = System/Library/Frameworks/UniformTypeIdentifiers.framework; sourceTree = SDKROOT; };
		01B206472B1809CD001265FC /* Media.xcassets */ = {isa = PBXFileReference; lastKnownFileType = folder.assetcatalog; path = Media.xcassets; sourceTree = "<group>"; };
		01B206492B1809CD001265FC /* ActionViewController.swift */ = {isa = PBXFileReference; lastKnownFileType = sourcecode.swift; path = ActionViewController.swift; sourceTree = "<group>"; };
		01B2064C2B1809CD001265FC /* Base */ = {isa = PBXFileReference; lastKnownFileType = file.storyboard; name = Base; path = Base.lproj/MainInterface.storyboard; sourceTree = "<group>"; };
		01B2064E2B1809CD001265FC /* Info.plist */ = {isa = PBXFileReference; lastKnownFileType = text.plist.xml; path = Info.plist; sourceTree = "<group>"; };
		01B206562B1809F5001265FC /* UIHostingView.swift */ = {isa = PBXFileReference; lastKnownFileType = sourcecode.swift; path = UIHostingView.swift; sourceTree = "<group>"; };
		01B206592B180A3B001265FC /* EnvironmentValues-Ext.swift */ = {isa = PBXFileReference; lastKnownFileType = sourcecode.swift; path = "EnvironmentValues-Ext.swift"; sourceTree = "<group>"; };
		01B2065D2B180C4E001265FC /* ContentView.swift */ = {isa = PBXFileReference; lastKnownFileType = sourcecode.swift; path = ContentView.swift; sourceTree = "<group>"; };
		01B206612B180FF3001265FC /* Rotation-iOSActionExtension.entitlements */ = {isa = PBXFileReference; lastKnownFileType = text.plist.entitlements; path = "Rotation-iOSActionExtension.entitlements"; sourceTree = "<group>"; };
		01D544F12B06F26100B37D6A /* LittleTagGrid.swift */ = {isa = PBXFileReference; lastKnownFileType = sourcecode.swift; path = LittleTagGrid.swift; sourceTree = "<group>"; };
		01E5DA762AFD60480080AF79 /* AppleMusicWrangler.swift */ = {isa = PBXFileReference; lastKnownFileType = sourcecode.swift; path = AppleMusicWrangler.swift; sourceTree = "<group>"; };
		01E5DA782AFDAD6C0080AF79 /* SpotifyAPIWrangler.swift */ = {isa = PBXFileReference; lastKnownFileType = sourcecode.swift; path = SpotifyAPIWrangler.swift; sourceTree = "<group>"; };
		01FC64E42AFC17E900D53903 /* AppleMusicSearchWrangler.swift */ = {isa = PBXFileReference; lastKnownFileType = sourcecode.swift; path = AppleMusicSearchWrangler.swift; sourceTree = "<group>"; };
		01FC64E62AFC2E2600D53903 /* MusicEntity.swift */ = {isa = PBXFileReference; lastKnownFileType = sourcecode.swift; path = MusicEntity.swift; sourceTree = "<group>"; };
/* End PBXFileReference section */

/* Begin PBXFrameworksBuildPhase section */
		012513A52AFB1C750064AA07 /* Frameworks */ = {
			isa = PBXFrameworksBuildPhase;
			buildActionMask = 2147483647;
			files = (
			);
			runOnlyForDeploymentPostprocessing = 0;
		};
		01B2063F2B1809CD001265FC /* Frameworks */ = {
			isa = PBXFrameworksBuildPhase;
			buildActionMask = 2147483647;
			files = (
				01B206452B1809CD001265FC /* UniformTypeIdentifiers.framework in Frameworks */,
			);
			runOnlyForDeploymentPostprocessing = 0;
		};
/* End PBXFrameworksBuildPhase section */

/* Begin PBXGroup section */
		0125139F2AFB1C750064AA07 = {
			isa = PBXGroup;
			children = (
				012513AA2AFB1C750064AA07 /* Rotation */,
				01B206462B1809CD001265FC /* Rotation-iOSActionExtension */,
				01B206432B1809CD001265FC /* Frameworks */,
				012513A92AFB1C750064AA07 /* Products */,
			);
			sourceTree = "<group>";
		};
		012513A92AFB1C750064AA07 /* Products */ = {
			isa = PBXGroup;
			children = (
				012513A82AFB1C750064AA07 /* Rotation.app */,
				01B206422B1809CD001265FC /* Rotation-iOSActionExtension.appex */,
			);
			name = Products;
			sourceTree = "<group>";
		};
		012513AA2AFB1C750064AA07 /* Rotation */ = {
			isa = PBXGroup;
			children = (
				012513AB2AFB1C750064AA07 /* RotationApp.swift */,
				017AA6912B040393005E43D8 /* Misc */,
				017AA6902B040381005E43D8 /* Types */,
				017AA68F2B040357005E43D8 /* Wranglers */,
				017AA68E2B04033F005E43D8 /* Views */,
				012513B12AFB1C770064AA07 /* Assets.xcassets */,
				012513B62AFB1C770064AA07 /* Rotation.entitlements */,
				012513B72AFB1C770064AA07 /* Info.plist */,
				012513B32AFB1C770064AA07 /* Preview Content */,
			);
			path = Rotation;
			sourceTree = "<group>";
		};
		012513B32AFB1C770064AA07 /* Preview Content */ = {
			isa = PBXGroup;
			children = (
				012513B42AFB1C770064AA07 /* Preview Assets.xcassets */,
			);
			path = "Preview Content";
			sourceTree = "<group>";
		};
		015FB06D2B059AEF00BAC1BC /* Secondary views */ = {
			isa = PBXGroup;
			children = (
				0168F7692B1A6703004E780E /* CollectionListingView.swift */,
				01ACB8DA2B05455A00C13BDA /* TagsViewListRow.swift */,
				01ACB8DC2B05536100C13BDA /* RecordCoverGridView.swift */,
				01ACB8E02B05740700C13BDA /* EditTagView.swift */,
				01ACB8DE2B0570FD00C13BDA /* SymbolPicker.swift */,
				015FB06E2B059BC200BAC1BC /* MusicEntityActionBlock.swift */,
				015FB0702B05A95D00BAC1BC /* MusicEntityDetailsBlock.swift */,
				015FB0722B05B3F700BAC1BC /* MusicEntityTagsBlock.swift */,
				01101C032B05CB7D00789AE3 /* MusicEntityNotesBlock.swift */,
				016A631F2B1EA2FD00EB8024 /* MusicEntityHeadlineBlock.swift */,
				011BB8F32B045AA900F3609D /* TagManagerView.swift */,
				01101C052B05CDDD00789AE3 /* NotesEditorView.swift */,
				019045AF2B06D240007F78C1 /* TagTogglerView.swift */,
				01D544F12B06F26100B37D6A /* LittleTagGrid.swift */,
				011BB8F12B044FE100F3609D /* AddTagView.swift */,
				0168F76B2B1A878F004E780E /* SearchboxView.swift */,
			);
			path = "Secondary views";
			sourceTree = "<group>";
		};
		016854CE2B0D40D900931CE6 /* OLD */ = {
			isa = PBXGroup;
			children = (
			);
			path = OLD;
			sourceTree = "<group>";
		};
		017AA68E2B04033F005E43D8 /* Views */ = {
			isa = PBXGroup;
			children = (
				015FB06D2B059AEF00BAC1BC /* Secondary views */,
				017AA6942B040E6A005E43D8 /* OLD */,
				017AA6952B040E7D005E43D8 /* HomeView.swift */,
				017AA6972B041726005E43D8 /* CollectionView.swift */,
				017AA6992B041A3C005E43D8 /* TagsView.swift */,
				017AA69B2B041A54005E43D8 /* ExploreView.swift */,
				017AA69D2B041A6A005E43D8 /* SettingsView.swift */,
				017AA69F2B041EC2005E43D8 /* MusicSearchView.swift */,
				017AA6A32B043D72005E43D8 /* MusicEntityDetailView.swift */,
				011BB8EF2B044F7B00F3609D /* TagDetailView.swift */,
			);
			path = Views;
			sourceTree = "<group>";
		};
		017AA68F2B040357005E43D8 /* Wranglers */ = {
			isa = PBXGroup;
			children = (
				012513BF2AFB20E90064AA07 /* AppleMusicAuthWrangler.swift */,
				01FC64E42AFC17E900D53903 /* AppleMusicSearchWrangler.swift */,
				01E5DA762AFD60480080AF79 /* AppleMusicWrangler.swift */,
				01E5DA782AFDAD6C0080AF79 /* SpotifyAPIWrangler.swift */,
				018811962B084212003EF47A /* MusicURLWrangler.swift */,
			);
			path = Wranglers;
			sourceTree = "<group>";
		};
		017AA6902B040381005E43D8 /* Types */ = {
			isa = PBXGroup;
			children = (
				016854CE2B0D40D900931CE6 /* OLD */,
				01FC64E62AFC2E2600D53903 /* MusicEntity.swift */,
				010393BB2AFC67FD000DF698 /* SearchError.swift */,
				010393C12AFCA4B5000DF698 /* EntityType.swift */,
				019F26B72AFEF72200AE9EC4 /* SpotifySearchResults.swift */,
				017AA6922B0404A0005E43D8 /* Tag.swift */,
				018811922B080233003EF47A /* CollectionSortCriteria.swift */,
				014FB4422B0BF84E00CF1DB0 /* SpotifyAPIError.swift */,
				016854CF2B0D50C000931CE6 /* Spotify Entities.swift */,
			);
			path = Types;
			sourceTree = "<group>";
		};
		017AA6912B040393005E43D8 /* Misc */ = {
			isa = PBXGroup;
			children = (
				01B26A642B1E830F006D3216 /* OLD */,
				01ACB8E22B05803800C13BDA /* PPPierSans-Bold.otf */,
				010393BF2AFC9B14000DF698 /* Utility.swift */,
				01ACB8E42B05808400C13BDA /* Font-Ext.swift */,
				01B206562B1809F5001265FC /* UIHostingView.swift */,
				01B206592B180A3B001265FC /* EnvironmentValues-Ext.swift */,
			);
			path = Misc;
			sourceTree = "<group>";
		};
		017AA6942B040E6A005E43D8 /* OLD */ = {
			isa = PBXGroup;
			children = (
				017AA6A12B0430D8005E43D8 /* CollectionViewListRow.swift */,
				018811942B08048B003EF47A /* CollectionSortOptionsView.swift */,
				010393BD2AFC81A3000DF698 /* ExternalMusicSearchView.swift */,
				012513BD2AFB1CC00064AA07 /* ScratchView.swift */,
			);
			path = OLD;
			sourceTree = "<group>";
		};
		01B206432B1809CD001265FC /* Frameworks */ = {
			isa = PBXGroup;
			children = (
				01B206442B1809CD001265FC /* UniformTypeIdentifiers.framework */,
			);
			name = Frameworks;
			sourceTree = "<group>";
		};
		01B206462B1809CD001265FC /* Rotation-iOSActionExtension */ = {
			isa = PBXGroup;
			children = (
				01B206612B180FF3001265FC /* Rotation-iOSActionExtension.entitlements */,
				01B206472B1809CD001265FC /* Media.xcassets */,
				01B206492B1809CD001265FC /* ActionViewController.swift */,
				01B2064B2B1809CD001265FC /* MainInterface.storyboard */,
				01B2064E2B1809CD001265FC /* Info.plist */,
				01B2065D2B180C4E001265FC /* ContentView.swift */,
			);
			path = "Rotation-iOSActionExtension";
			sourceTree = "<group>";
		};
		01B26A642B1E830F006D3216 /* OLD */ = {
			isa = PBXGroup;
			children = (
				018811902B0801F0003EF47A /* CollectionViewModel.swift */,
			);
			path = OLD;
			sourceTree = "<group>";
		};
/* End PBXGroup section */

/* Begin PBXNativeTarget section */
		012513A72AFB1C750064AA07 /* Rotation */ = {
			isa = PBXNativeTarget;
			buildConfigurationList = 012513BA2AFB1C770064AA07 /* Build configuration list for PBXNativeTarget "Rotation" */;
			buildPhases = (
				012513A42AFB1C750064AA07 /* Sources */,
				012513A52AFB1C750064AA07 /* Frameworks */,
				012513A62AFB1C750064AA07 /* Resources */,
				01B206522B1809CD001265FC /* Embed Foundation Extensions */,
			);
			buildRules = (
			);
			dependencies = (
				01B206502B1809CD001265FC /* PBXTargetDependency */,
			);
			name = Rotation;
			productName = Rotation;
			productReference = 012513A82AFB1C750064AA07 /* Rotation.app */;
			productType = "com.apple.product-type.application";
		};
		01B206412B1809CD001265FC /* Rotation-iOSActionExtension */ = {
			isa = PBXNativeTarget;
			buildConfigurationList = 01B206552B1809CD001265FC /* Build configuration list for PBXNativeTarget "Rotation-iOSActionExtension" */;
			buildPhases = (
				01B2063E2B1809CD001265FC /* Sources */,
				01B2063F2B1809CD001265FC /* Frameworks */,
				01B206402B1809CD001265FC /* Resources */,
			);
			buildRules = (
			);
			dependencies = (
			);
			name = "Rotation-iOSActionExtension";
			productName = "Rotation-iOSActionExtension";
			productReference = 01B206422B1809CD001265FC /* Rotation-iOSActionExtension.appex */;
			productType = "com.apple.product-type.app-extension";
		};
/* End PBXNativeTarget section */

/* Begin PBXProject section */
		012513A02AFB1C750064AA07 /* Project object */ = {
			isa = PBXProject;
			attributes = {
				BuildIndependentTargetsInParallel = 1;
				LastSwiftUpdateCheck = 1500;
				LastUpgradeCheck = 1500;
				TargetAttributes = {
					012513A72AFB1C750064AA07 = {
						CreatedOnToolsVersion = 15.0.1;
					};
					01B206412B1809CD001265FC = {
						CreatedOnToolsVersion = 15.0.1;
					};
				};
			};
			buildConfigurationList = 012513A32AFB1C750064AA07 /* Build configuration list for PBXProject "Rotation" */;
			compatibilityVersion = "Xcode 14.0";
			developmentRegion = en;
			hasScannedForEncodings = 0;
			knownRegions = (
				en,
				Base,
			);
			mainGroup = 0125139F2AFB1C750064AA07;
			productRefGroup = 012513A92AFB1C750064AA07 /* Products */;
			projectDirPath = "";
			projectRoot = "";
			targets = (
				012513A72AFB1C750064AA07 /* Rotation */,
				01B206412B1809CD001265FC /* Rotation-iOSActionExtension */,
			);
		};
/* End PBXProject section */

/* Begin PBXResourcesBuildPhase section */
		012513A62AFB1C750064AA07 /* Resources */ = {
			isa = PBXResourcesBuildPhase;
			buildActionMask = 2147483647;
			files = (
				012513B52AFB1C770064AA07 /* Preview Assets.xcassets in Resources */,
				012513B22AFB1C770064AA07 /* Assets.xcassets in Resources */,
				01ACB8E32B05803800C13BDA /* PPPierSans-Bold.otf in Resources */,
			);
			runOnlyForDeploymentPostprocessing = 0;
		};
		01B206402B1809CD001265FC /* Resources */ = {
			isa = PBXResourcesBuildPhase;
			buildActionMask = 2147483647;
			files = (
				01B206482B1809CD001265FC /* Media.xcassets in Resources */,
				01B2064D2B1809CD001265FC /* MainInterface.storyboard in Resources */,
				017E66182B194C200096C9D8 /* Assets.xcassets in Resources */,
				017E66102B19221E0096C9D8 /* PPPierSans-Bold.otf in Resources */,
			);
			runOnlyForDeploymentPostprocessing = 0;
		};
/* End PBXResourcesBuildPhase section */

/* Begin PBXSourcesBuildPhase section */
		012513A42AFB1C750064AA07 /* Sources */ = {
			isa = PBXSourcesBuildPhase;
			buildActionMask = 2147483647;
			files = (
				018811932B080233003EF47A /* CollectionSortCriteria.swift in Sources */,
				01FC64E52AFC17E900D53903 /* AppleMusicSearchWrangler.swift in Sources */,
				018811912B0801F0003EF47A /* CollectionViewModel.swift in Sources */,
				01ACB8E12B05740700C13BDA /* EditTagView.swift in Sources */,
				011BB8F42B045AA900F3609D /* TagManagerView.swift in Sources */,
				01101C062B05CDDD00789AE3 /* NotesEditorView.swift in Sources */,
				017AA6962B040E7D005E43D8 /* HomeView.swift in Sources */,
				016A63202B1EA2FD00EB8024 /* MusicEntityHeadlineBlock.swift in Sources */,
				015FB06F2B059BC200BAC1BC /* MusicEntityActionBlock.swift in Sources */,
				0168F76C2B1A878F004E780E /* SearchboxView.swift in Sources */,
				010393BE2AFC81A3000DF698 /* ExternalMusicSearchView.swift in Sources */,
				017AA6A42B043D72005E43D8 /* MusicEntityDetailView.swift in Sources */,
				017AA69E2B041A6A005E43D8 /* SettingsView.swift in Sources */,
				017AA69A2B041A3C005E43D8 /* TagsView.swift in Sources */,
				01FC64E72AFC2E2600D53903 /* MusicEntity.swift in Sources */,
				017AA6A02B041EC2005E43D8 /* MusicSearchView.swift in Sources */,
				010393BC2AFC67FD000DF698 /* SearchError.swift in Sources */,
				010393C02AFC9B14000DF698 /* Utility.swift in Sources */,
				015FB0732B05B3F700BAC1BC /* MusicEntityTagsBlock.swift in Sources */,
				017AA6A22B0430D8005E43D8 /* CollectionViewListRow.swift in Sources */,
				017AA6982B041726005E43D8 /* CollectionView.swift in Sources */,
				01101C042B05CB7D00789AE3 /* MusicEntityNotesBlock.swift in Sources */,
				01D544F22B06F26100B37D6A /* LittleTagGrid.swift in Sources */,
				01ACB8DD2B05536100C13BDA /* RecordCoverGridView.swift in Sources */,
				012513C02AFB20E90064AA07 /* AppleMusicAuthWrangler.swift in Sources */,
				01E5DA792AFDAD6C0080AF79 /* SpotifyAPIWrangler.swift in Sources */,
				01ACB8DB2B05455A00C13BDA /* TagsViewListRow.swift in Sources */,
				014FB4432B0BF84E00CF1DB0 /* SpotifyAPIError.swift in Sources */,
				018811952B08048B003EF47A /* CollectionSortOptionsView.swift in Sources */,
				019F26B82AFEF72200AE9EC4 /* SpotifySearchResults.swift in Sources */,
				015FB0712B05A95D00BAC1BC /* MusicEntityDetailsBlock.swift in Sources */,
				01B2065A2B180A3B001265FC /* EnvironmentValues-Ext.swift in Sources */,
				01B206572B1809F5001265FC /* UIHostingView.swift in Sources */,
				0168F76A2B1A6703004E780E /* CollectionListingView.swift in Sources */,
				010393C22AFCA4B6000DF698 /* EntityType.swift in Sources */,
				017AA69C2B041A54005E43D8 /* ExploreView.swift in Sources */,
				01ACB8E52B05808400C13BDA /* Font-Ext.swift in Sources */,
				018811972B084212003EF47A /* MusicURLWrangler.swift in Sources */,
				012513AC2AFB1C750064AA07 /* RotationApp.swift in Sources */,
				019045B02B06D240007F78C1 /* TagTogglerView.swift in Sources */,
				011BB8F02B044F7B00F3609D /* TagDetailView.swift in Sources */,
				01E5DA772AFD60480080AF79 /* AppleMusicWrangler.swift in Sources */,
				012513BE2AFB1CC00064AA07 /* ScratchView.swift in Sources */,
				01ACB8DF2B0570FD00C13BDA /* SymbolPicker.swift in Sources */,
				016854D02B0D50C000931CE6 /* Spotify Entities.swift in Sources */,
				011BB8F22B044FE100F3609D /* AddTagView.swift in Sources */,
				017AA6932B0404A0005E43D8 /* Tag.swift in Sources */,
			);
			runOnlyForDeploymentPostprocessing = 0;
		};
		01B2063E2B1809CD001265FC /* Sources */ = {
			isa = PBXSourcesBuildPhase;
			buildActionMask = 2147483647;
			files = (
				017E66192B1969FF0096C9D8 /* NotesEditorView.swift in Sources */,
				01B2065C2B180BD2001265FC /* Tag.swift in Sources */,
				017E66162B19465A0096C9D8 /* TagTogglerView.swift in Sources */,
				01B2066B2B18169C001265FC /* SpotifyAPIWrangler.swift in Sources */,
				01B206662B1815EC001265FC /* SpotifyAPIError.swift in Sources */,
				01B2065E2B180C4E001265FC /* ContentView.swift in Sources */,
				01B2065B2B180BCC001265FC /* MusicEntity.swift in Sources */,
				01B2064A2B1809CD001265FC /* ActionViewController.swift in Sources */,
				01B206622B1815CD001265FC /* AppleMusicSearchWrangler.swift in Sources */,
				01B206682B181600001265FC /* SpotifySearchResults.swift in Sources */,
				01B206582B180A18001265FC /* UIHostingView.swift in Sources */,
				01B206672B1815F2001265FC /* Spotify Entities.swift in Sources */,
				01B2065F2B180C89001265FC /* EnvironmentValues-Ext.swift in Sources */,
				01B2066A2B181698001265FC /* AppleMusicWrangler.swift in Sources */,
				01B206692B181605001265FC /* SearchError.swift in Sources */,
				01B206652B1815D6001265FC /* MusicURLWrangler.swift in Sources */,
				017E66112B19222B0096C9D8 /* Font-Ext.swift in Sources */,
				017E66152B19464B0096C9D8 /* SymbolPicker.swift in Sources */,
				01B206602B180D8C001265FC /* EntityType.swift in Sources */,
				017E66142B1946140096C9D8 /* Utility.swift in Sources */,
				017E66172B1946680096C9D8 /* AddTagView.swift in Sources */,
			);
			runOnlyForDeploymentPostprocessing = 0;
		};
/* End PBXSourcesBuildPhase section */

/* Begin PBXTargetDependency section */
		01B206502B1809CD001265FC /* PBXTargetDependency */ = {
			isa = PBXTargetDependency;
			target = 01B206412B1809CD001265FC /* Rotation-iOSActionExtension */;
			targetProxy = 01B2064F2B1809CD001265FC /* PBXContainerItemProxy */;
		};
/* End PBXTargetDependency section */

/* Begin PBXVariantGroup section */
		01B2064B2B1809CD001265FC /* MainInterface.storyboard */ = {
			isa = PBXVariantGroup;
			children = (
				01B2064C2B1809CD001265FC /* Base */,
			);
			name = MainInterface.storyboard;
			sourceTree = "<group>";
		};
/* End PBXVariantGroup section */

/* Begin XCBuildConfiguration section */
		012513B82AFB1C770064AA07 /* Debug */ = {
			isa = XCBuildConfiguration;
			buildSettings = {
				ALWAYS_SEARCH_USER_PATHS = NO;
				ASSETCATALOG_COMPILER_GENERATE_SWIFT_ASSET_SYMBOL_EXTENSIONS = YES;
				CLANG_ANALYZER_NONNULL = YES;
				CLANG_ANALYZER_NUMBER_OBJECT_CONVERSION = YES_AGGRESSIVE;
				CLANG_CXX_LANGUAGE_STANDARD = "gnu++20";
				CLANG_ENABLE_MODULES = YES;
				CLANG_ENABLE_OBJC_ARC = YES;
				CLANG_ENABLE_OBJC_WEAK = YES;
				CLANG_WARN_BLOCK_CAPTURE_AUTORELEASING = YES;
				CLANG_WARN_BOOL_CONVERSION = YES;
				CLANG_WARN_COMMA = YES;
				CLANG_WARN_CONSTANT_CONVERSION = YES;
				CLANG_WARN_DEPRECATED_OBJC_IMPLEMENTATIONS = YES;
				CLANG_WARN_DIRECT_OBJC_ISA_USAGE = YES_ERROR;
				CLANG_WARN_DOCUMENTATION_COMMENTS = YES;
				CLANG_WARN_EMPTY_BODY = YES;
				CLANG_WARN_ENUM_CONVERSION = YES;
				CLANG_WARN_INFINITE_RECURSION = YES;
				CLANG_WARN_INT_CONVERSION = YES;
				CLANG_WARN_NON_LITERAL_NULL_CONVERSION = YES;
				CLANG_WARN_OBJC_IMPLICIT_RETAIN_SELF = YES;
				CLANG_WARN_OBJC_LITERAL_CONVERSION = YES;
				CLANG_WARN_OBJC_ROOT_CLASS = YES_ERROR;
				CLANG_WARN_QUOTED_INCLUDE_IN_FRAMEWORK_HEADER = YES;
				CLANG_WARN_RANGE_LOOP_ANALYSIS = YES;
				CLANG_WARN_STRICT_PROTOTYPES = YES;
				CLANG_WARN_SUSPICIOUS_MOVE = YES;
				CLANG_WARN_UNGUARDED_AVAILABILITY = YES_AGGRESSIVE;
				CLANG_WARN_UNREACHABLE_CODE = YES;
				CLANG_WARN__DUPLICATE_METHOD_MATCH = YES;
				COPY_PHASE_STRIP = NO;
				DEBUG_INFORMATION_FORMAT = dwarf;
				ENABLE_STRICT_OBJC_MSGSEND = YES;
				ENABLE_TESTABILITY = YES;
				ENABLE_USER_SCRIPT_SANDBOXING = YES;
				GCC_C_LANGUAGE_STANDARD = gnu17;
				GCC_DYNAMIC_NO_PIC = NO;
				GCC_NO_COMMON_BLOCKS = YES;
				GCC_OPTIMIZATION_LEVEL = 0;
				GCC_PREPROCESSOR_DEFINITIONS = (
					"DEBUG=1",
					"$(inherited)",
				);
				GCC_WARN_64_TO_32_BIT_CONVERSION = YES;
				GCC_WARN_ABOUT_RETURN_TYPE = YES_ERROR;
				GCC_WARN_UNDECLARED_SELECTOR = YES;
				GCC_WARN_UNINITIALIZED_AUTOS = YES_AGGRESSIVE;
				GCC_WARN_UNUSED_FUNCTION = YES;
				GCC_WARN_UNUSED_VARIABLE = YES;
				IPHONEOS_DEPLOYMENT_TARGET = 17.0;
				LOCALIZATION_PREFERS_STRING_CATALOGS = YES;
				MTL_ENABLE_DEBUG_INFO = INCLUDE_SOURCE;
				MTL_FAST_MATH = YES;
				ONLY_ACTIVE_ARCH = YES;
				SDKROOT = iphoneos;
				SWIFT_ACTIVE_COMPILATION_CONDITIONS = "DEBUG $(inherited)";
				SWIFT_OPTIMIZATION_LEVEL = "-Onone";
			};
			name = Debug;
		};
		012513B92AFB1C770064AA07 /* Release */ = {
			isa = XCBuildConfiguration;
			buildSettings = {
				ALWAYS_SEARCH_USER_PATHS = NO;
				ASSETCATALOG_COMPILER_GENERATE_SWIFT_ASSET_SYMBOL_EXTENSIONS = YES;
				CLANG_ANALYZER_NONNULL = YES;
				CLANG_ANALYZER_NUMBER_OBJECT_CONVERSION = YES_AGGRESSIVE;
				CLANG_CXX_LANGUAGE_STANDARD = "gnu++20";
				CLANG_ENABLE_MODULES = YES;
				CLANG_ENABLE_OBJC_ARC = YES;
				CLANG_ENABLE_OBJC_WEAK = YES;
				CLANG_WARN_BLOCK_CAPTURE_AUTORELEASING = YES;
				CLANG_WARN_BOOL_CONVERSION = YES;
				CLANG_WARN_COMMA = YES;
				CLANG_WARN_CONSTANT_CONVERSION = YES;
				CLANG_WARN_DEPRECATED_OBJC_IMPLEMENTATIONS = YES;
				CLANG_WARN_DIRECT_OBJC_ISA_USAGE = YES_ERROR;
				CLANG_WARN_DOCUMENTATION_COMMENTS = YES;
				CLANG_WARN_EMPTY_BODY = YES;
				CLANG_WARN_ENUM_CONVERSION = YES;
				CLANG_WARN_INFINITE_RECURSION = YES;
				CLANG_WARN_INT_CONVERSION = YES;
				CLANG_WARN_NON_LITERAL_NULL_CONVERSION = YES;
				CLANG_WARN_OBJC_IMPLICIT_RETAIN_SELF = YES;
				CLANG_WARN_OBJC_LITERAL_CONVERSION = YES;
				CLANG_WARN_OBJC_ROOT_CLASS = YES_ERROR;
				CLANG_WARN_QUOTED_INCLUDE_IN_FRAMEWORK_HEADER = YES;
				CLANG_WARN_RANGE_LOOP_ANALYSIS = YES;
				CLANG_WARN_STRICT_PROTOTYPES = YES;
				CLANG_WARN_SUSPICIOUS_MOVE = YES;
				CLANG_WARN_UNGUARDED_AVAILABILITY = YES_AGGRESSIVE;
				CLANG_WARN_UNREACHABLE_CODE = YES;
				CLANG_WARN__DUPLICATE_METHOD_MATCH = YES;
				COPY_PHASE_STRIP = NO;
				DEBUG_INFORMATION_FORMAT = "dwarf-with-dsym";
				ENABLE_NS_ASSERTIONS = NO;
				ENABLE_STRICT_OBJC_MSGSEND = YES;
				ENABLE_USER_SCRIPT_SANDBOXING = YES;
				GCC_C_LANGUAGE_STANDARD = gnu17;
				GCC_NO_COMMON_BLOCKS = YES;
				GCC_WARN_64_TO_32_BIT_CONVERSION = YES;
				GCC_WARN_ABOUT_RETURN_TYPE = YES_ERROR;
				GCC_WARN_UNDECLARED_SELECTOR = YES;
				GCC_WARN_UNINITIALIZED_AUTOS = YES_AGGRESSIVE;
				GCC_WARN_UNUSED_FUNCTION = YES;
				GCC_WARN_UNUSED_VARIABLE = YES;
				IPHONEOS_DEPLOYMENT_TARGET = 17.0;
				LOCALIZATION_PREFERS_STRING_CATALOGS = YES;
				MTL_ENABLE_DEBUG_INFO = NO;
				MTL_FAST_MATH = YES;
				SDKROOT = iphoneos;
				SWIFT_COMPILATION_MODE = wholemodule;
				VALIDATE_PRODUCT = YES;
			};
			name = Release;
		};
		012513BB2AFB1C770064AA07 /* Debug */ = {
			isa = XCBuildConfiguration;
			buildSettings = {
				ALWAYS_EMBED_SWIFT_STANDARD_LIBRARIES = YES;
				ASSETCATALOG_COMPILER_APPICON_NAME = AppIcon;
				ASSETCATALOG_COMPILER_GLOBAL_ACCENT_COLOR_NAME = AccentColor;
				CODE_SIGN_ENTITLEMENTS = Rotation/Rotation.entitlements;
				CODE_SIGN_STYLE = Automatic;
				CURRENT_PROJECT_VERSION = 1;
				DEVELOPMENT_ASSET_PATHS = "\"Rotation/Preview Content\"";
				DEVELOPMENT_TEAM = CCAQHTG68D;
				ENABLE_PREVIEWS = YES;
				GENERATE_INFOPLIST_FILE = YES;
				INFOPLIST_FILE = Rotation/Info.plist;
				INFOPLIST_KEY_NSAppleMusicUsageDescription = "Access is used to gather additional info about music you search for";
				INFOPLIST_KEY_UIApplicationSceneManifest_Generation = YES;
				INFOPLIST_KEY_UIApplicationSupportsIndirectInputEvents = YES;
				INFOPLIST_KEY_UILaunchScreen_Generation = YES;
				INFOPLIST_KEY_UISupportedInterfaceOrientations_iPad = "UIInterfaceOrientationPortrait UIInterfaceOrientationPortraitUpsideDown UIInterfaceOrientationLandscapeLeft UIInterfaceOrientationLandscapeRight";
				INFOPLIST_KEY_UISupportedInterfaceOrientations_iPhone = "UIInterfaceOrientationPortrait UIInterfaceOrientationLandscapeLeft UIInterfaceOrientationLandscapeRight";
				LD_RUNPATH_SEARCH_PATHS = (
					"$(inherited)",
					"@executable_path/Frameworks",
				);
				MARKETING_VERSION = 1.0;
				PRODUCT_BUNDLE_IDENTIFIER = com.johnslevin.Rotation;
				PRODUCT_NAME = "$(TARGET_NAME)";
				SWIFT_EMIT_LOC_STRINGS = YES;
				SWIFT_VERSION = 5.0;
				TARGETED_DEVICE_FAMILY = "1,2";
			};
			name = Debug;
		};
		012513BC2AFB1C770064AA07 /* Release */ = {
			isa = XCBuildConfiguration;
			buildSettings = {
				ALWAYS_EMBED_SWIFT_STANDARD_LIBRARIES = YES;
				ASSETCATALOG_COMPILER_APPICON_NAME = AppIcon;
				ASSETCATALOG_COMPILER_GLOBAL_ACCENT_COLOR_NAME = AccentColor;
				CODE_SIGN_ENTITLEMENTS = Rotation/Rotation.entitlements;
				CODE_SIGN_STYLE = Automatic;
				CURRENT_PROJECT_VERSION = 1;
				DEVELOPMENT_ASSET_PATHS = "\"Rotation/Preview Content\"";
				DEVELOPMENT_TEAM = CCAQHTG68D;
				ENABLE_PREVIEWS = YES;
				GENERATE_INFOPLIST_FILE = YES;
				INFOPLIST_FILE = Rotation/Info.plist;
				INFOPLIST_KEY_NSAppleMusicUsageDescription = "Access is used to gather additional info about music you search for";
				INFOPLIST_KEY_UIApplicationSceneManifest_Generation = YES;
				INFOPLIST_KEY_UIApplicationSupportsIndirectInputEvents = YES;
				INFOPLIST_KEY_UILaunchScreen_Generation = YES;
				INFOPLIST_KEY_UISupportedInterfaceOrientations_iPad = "UIInterfaceOrientationPortrait UIInterfaceOrientationPortraitUpsideDown UIInterfaceOrientationLandscapeLeft UIInterfaceOrientationLandscapeRight";
				INFOPLIST_KEY_UISupportedInterfaceOrientations_iPhone = "UIInterfaceOrientationPortrait UIInterfaceOrientationLandscapeLeft UIInterfaceOrientationLandscapeRight";
				LD_RUNPATH_SEARCH_PATHS = (
					"$(inherited)",
					"@executable_path/Frameworks",
				);
				MARKETING_VERSION = 1.0;
				PRODUCT_BUNDLE_IDENTIFIER = com.johnslevin.Rotation;
				PRODUCT_NAME = "$(TARGET_NAME)";
				SWIFT_EMIT_LOC_STRINGS = YES;
				SWIFT_VERSION = 5.0;
				TARGETED_DEVICE_FAMILY = "1,2";
			};
			name = Release;
		};
		01B206532B1809CD001265FC /* Debug */ = {
			isa = XCBuildConfiguration;
			buildSettings = {
				ASSETCATALOG_COMPILER_APPICON_NAME = "AppIcon-ActionExtension";
				CODE_SIGN_ENTITLEMENTS = "Rotation-iOSActionExtension/Rotation-iOSActionExtension.entitlements";
				CODE_SIGN_STYLE = Automatic;
				CURRENT_PROJECT_VERSION = 1;
				DEVELOPMENT_TEAM = CCAQHTG68D;
				GENERATE_INFOPLIST_FILE = YES;
				INFOPLIST_FILE = "Rotation-iOSActionExtension/Info.plist";
				INFOPLIST_KEY_CFBundleDisplayName = "Add to Rotation...";
				INFOPLIST_KEY_NSHumanReadableCopyright = "";
				LD_RUNPATH_SEARCH_PATHS = (
					"$(inherited)",
					"@executable_path/Frameworks",
					"@executable_path/../../Frameworks",
				);
				MARKETING_VERSION = 1.0;
				PRODUCT_BUNDLE_IDENTIFIER = "com.johnslevin.Rotation.Rotation-iOSActionExtension";
				PRODUCT_NAME = "$(TARGET_NAME)";
				SKIP_INSTALL = YES;
				"SWIFT_ACTIVE_COMPILATION_CONDITIONS[arch=*]" = ACTIONEXTENSION;
				SWIFT_EMIT_LOC_STRINGS = YES;
				SWIFT_VERSION = 5.0;
				TARGETED_DEVICE_FAMILY = "1,2";
			};
			name = Debug;
		};
		01B206542B1809CD001265FC /* Release */ = {
			isa = XCBuildConfiguration;
			buildSettings = {
				ASSETCATALOG_COMPILER_APPICON_NAME = "AppIcon-ActionExtension";
				CODE_SIGN_ENTITLEMENTS = "Rotation-iOSActionExtension/Rotation-iOSActionExtension.entitlements";
				CODE_SIGN_STYLE = Automatic;
				CURRENT_PROJECT_VERSION = 1;
				DEVELOPMENT_TEAM = CCAQHTG68D;
				GENERATE_INFOPLIST_FILE = YES;
				INFOPLIST_FILE = "Rotation-iOSActionExtension/Info.plist";
				INFOPLIST_KEY_CFBundleDisplayName = "Add to Rotation...";
				INFOPLIST_KEY_NSHumanReadableCopyright = "";
				LD_RUNPATH_SEARCH_PATHS = (
					"$(inherited)",
					"@executable_path/Frameworks",
					"@executable_path/../../Frameworks",
				);
				MARKETING_VERSION = 1.0;
				PRODUCT_BUNDLE_IDENTIFIER = "com.johnslevin.Rotation.Rotation-iOSActionExtension";
				PRODUCT_NAME = "$(TARGET_NAME)";
				SKIP_INSTALL = YES;
				"SWIFT_ACTIVE_COMPILATION_CONDITIONS[arch=*]" = ACTIONEXTENSION;
				SWIFT_EMIT_LOC_STRINGS = YES;
				SWIFT_VERSION = 5.0;
				TARGETED_DEVICE_FAMILY = "1,2";
			};
			name = Release;
		};
/* End XCBuildConfiguration section */

/* Begin XCConfigurationList section */
		012513A32AFB1C750064AA07 /* Build configuration list for PBXProject "Rotation" */ = {
			isa = XCConfigurationList;
			buildConfigurations = (
				012513B82AFB1C770064AA07 /* Debug */,
				012513B92AFB1C770064AA07 /* Release */,
			);
			defaultConfigurationIsVisible = 0;
			defaultConfigurationName = Release;
		};
		012513BA2AFB1C770064AA07 /* Build configuration list for PBXNativeTarget "Rotation" */ = {
			isa = XCConfigurationList;
			buildConfigurations = (
				012513BB2AFB1C770064AA07 /* Debug */,
				012513BC2AFB1C770064AA07 /* Release */,
			);
			defaultConfigurationIsVisible = 0;
			defaultConfigurationName = Release;
		};
		01B206552B1809CD001265FC /* Build configuration list for PBXNativeTarget "Rotation-iOSActionExtension" */ = {
			isa = XCConfigurationList;
			buildConfigurations = (
				01B206532B1809CD001265FC /* Debug */,
				01B206542B1809CD001265FC /* Release */,
			);
			defaultConfigurationIsVisible = 0;
			defaultConfigurationName = Release;
		};
/* End XCConfigurationList section */
	};
	rootObject = 012513A02AFB1C750064AA07 /* Project object */;
}
